
Microsoft Visual Studio Solution File, Format Version 12.00
# Visual Studio Version 16
VisualStudioVersion = 16.0.30406.217
MinimumVisualStudioVersion = 10.0.40219.1
Project("{FAE04EC0-301F-11D3-BF4B-00C04F79EFBC}") = "App_MessageCenter.UWP", "App_MessageCenter\App_MessageCenter.UWP\App_MessageCenter.UWP.csproj", "{F7ACE1CA-3AE6-4377-B2AC-DF5E5C27238A}"
EndProject
Project("{FAE04EC0-301F-11D3-BF4B-00C04F79EFBC}") = "App_MessageCenter.Android", "App_MessageCenter\App_MessageCenter.Android\App_MessageCenter.Android.csproj", "{030ACB04-5A48-4151-B2D5-80786FAE3DA8}"
EndProject
Project("{FAE04EC0-301F-11D3-BF4B-00C04F79EFBC}") = "App_MessageCenter.iOS", "App_MessageCenter\App_MessageCenter.iOS\App_MessageCenter.iOS.csproj", "{466B6364-8D99-45E7-B142-3906B0609BC0}"
EndProject
Project("{FAE04EC0-301F-11D3-BF4B-00C04F79EFBC}") = "App_MessageCenter", "App_MessageCenter\App_MessageCenter\App_MessageCenter.csproj", "{8030A8E8-775A-467D-AA07-7A3FC374D453}"
EndProject
Global
	GlobalSection(SolutionConfigurationPlatforms) = preSolution
		Debug|Any CPU = Debug|Any CPU
		Debug|ARM = Debug|ARM
		Debug|iPhone = Debug|iPhone
		Debug|iPhoneSimulator = Debug|iPhoneSimulator
		Debug|x64 = Debug|x64
		Debug|x86 = Debug|x86
		Release|Any CPU = Release|Any CPU
		Release|ARM = Release|ARM
		Release|iPhone = Release|iPhone
		Release|iPhoneSimulator = Release|iPhoneSimulator
		Release|x64 = Release|x64
		Release|x86 = Release|x86
	EndGlobalSection
	GlobalSection(ProjectConfigurationPlatforms) = postSolution
		{F7ACE1CA-3AE6-4377-B2AC-DF5E5C27238A}.Debug|Any CPU.ActiveCfg = Debug|x86
		{F7ACE1CA-3AE6-4377-B2AC-DF5E5C27238A}.Debug|Any CPU.Build.0 = Debug|x86
		{F7ACE1CA-3AE6-4377-B2AC-DF5E5C27238A}.Debug|Any CPU.Deploy.0 = Debug|x86
		{F7ACE1CA-3AE6-4377-B2AC-DF5E5C27238A}.Debug|ARM.ActiveCfg = Debug|ARM
		{F7ACE1CA-3AE6-4377-B2AC-DF5E5C27238A}.Debug|ARM.Build.0 = Debug|ARM
		{F7ACE1CA-3AE6-4377-B2AC-DF5E5C27238A}.Debug|ARM.Deploy.0 = Debug|ARM
		{F7ACE1CA-3AE6-4377-B2AC-DF5E5C27238A}.Debug|iPhone.ActiveCfg = Debug|x86
		{F7ACE1CA-3AE6-4377-B2AC-DF5E5C27238A}.Debug|iPhone.Build.0 = Debug|x86
		{F7ACE1CA-3AE6-4377-B2AC-DF5E5C27238A}.Debug|iPhone.Deploy.0 = Debug|x86
		{F7ACE1CA-3AE6-4377-B2AC-DF5E5C27238A}.Debug|iPhoneSimulator.ActiveCfg = Debug|x86
		{F7ACE1CA-3AE6-4377-B2AC-DF5E5C27238A}.Debug|iPhoneSimulator.Build.0 = Debug|x86
		{F7ACE1CA-3AE6-4377-B2AC-DF5E5C27238A}.Debug|iPhoneSimulator.Deploy.0 = Debug|x86
		{F7ACE1CA-3AE6-4377-B2AC-DF5E5C27238A}.Debug|x64.ActiveCfg = Debug|x64
		{F7ACE1CA-3AE6-4377-B2AC-DF5E5C27238A}.Debug|x64.Build.0 = Debug|x64
		{F7ACE1CA-3AE6-4377-B2AC-DF5E5C27238A}.Debug|x64.Deploy.0 = Debug|x64
		{F7ACE1CA-3AE6-4377-B2AC-DF5E5C27238A}.Debug|x86.ActiveCfg = Debug|x86
		{F7ACE1CA-3AE6-4377-B2AC-DF5E5C27238A}.Debug|x86.Build.0 = Debug|x86
		{F7ACE1CA-3AE6-4377-B2AC-DF5E5C27238A}.Debug|x86.Deploy.0 = Debug|x86
		{F7ACE1CA-3AE6-4377-B2AC-DF5E5C27238A}.Release|Any CPU.ActiveCfg = Release|x86
		{F7ACE1CA-3AE6-4377-B2AC-DF5E5C27238A}.Release|Any CPU.Build.0 = Release|x86
		{F7ACE1CA-3AE6-4377-B2AC-DF5E5C27238A}.Release|Any CPU.Deploy.0 = Release|x86
		{F7ACE1CA-3AE6-4377-B2AC-DF5E5C27238A}.Release|ARM.ActiveCfg = Release|ARM
		{F7ACE1CA-3AE6-4377-B2AC-DF5E5C27238A}.Release|ARM.Build.0 = Release|ARM
		{F7ACE1CA-3AE6-4377-B2AC-DF5E5C27238A}.Release|ARM.Deploy.0 = Release|ARM
		{F7ACE1CA-3AE6-4377-B2AC-DF5E5C27238A}.Release|iPhone.ActiveCfg = Release|x86
		{F7ACE1CA-3AE6-4377-B2AC-DF5E5C27238A}.Release|iPhone.Build.0 = Release|x86
		{F7ACE1CA-3AE6-4377-B2AC-DF5E5C27238A}.Release|iPhone.Deploy.0 = Release|x86
		{F7ACE1CA-3AE6-4377-B2AC-DF5E5C27238A}.Release|iPhoneSimulator.ActiveCfg = Release|x86
		{F7ACE1CA-3AE6-4377-B2AC-DF5E5C27238A}.Release|iPhoneSimulator.Build.0 = Release|x86
		{F7ACE1CA-3AE6-4377-B2AC-DF5E5C27238A}.Release|iPhoneSimulator.Deploy.0 = Release|x86
		{F7ACE1CA-3AE6-4377-B2AC-DF5E5C27238A}.Release|x64.ActiveCfg = Release|x64
		{F7ACE1CA-3AE6-4377-B2AC-DF5E5C27238A}.Release|x64.Build.0 = Release|x64
		{F7ACE1CA-3AE6-4377-B2AC-DF5E5C27238A}.Release|x64.Deploy.0 = Release|x64
		{F7ACE1CA-3AE6-4377-B2AC-DF5E5C27238A}.Release|x86.ActiveCfg = Release|x86
		{F7ACE1CA-3AE6-4377-B2AC-DF5E5C27238A}.Release|x86.Build.0 = Release|x86
		{F7ACE1CA-3AE6-4377-B2AC-DF5E5C27238A}.Release|x86.Deploy.0 = Release|x86
		{030ACB04-5A48-4151-B2D5-80786FAE3DA8}.Debug|Any CPU.ActiveCfg = Debug|Any CPU
		{030ACB04-5A48-4151-B2D5-80786FAE3DA8}.Debug|Any CPU.Build.0 = Debug|Any CPU
		{030ACB04-5A48-4151-B2D5-80786FAE3DA8}.Debug|Any CPU.Deploy.0 = Debug|Any CPU
		{030ACB04-5A48-4151-B2D5-80786FAE3DA8}.Debug|ARM.ActiveCfg = Debug|Any CPU
		{030ACB04-5A48-4151-B2D5-80786FAE3DA8}.Debug|ARM.Build.0 = Debug|Any CPU
		{030ACB04-5A48-4151-B2D5-80786FAE3DA8}.Debug|ARM.Deploy.0 = Debug|Any CPU
		{030ACB04-5A48-4151-B2D5-80786FAE3DA8}.Debug|iPhone.ActiveCfg = Debug|Any CPU
		{030ACB04-5A48-4151-B2D5-80786FAE3DA8}.Debug|iPhone.Build.0 = Debug|Any CPU
		{030ACB04-5A48-4151-B2D5-80786FAE3DA8}.Debug|iPhone.Deploy.0 = Debug|Any CPU
		{030ACB04-5A48-4151-B2D5-80786FAE3DA8}.Debug|iPhoneSimulator.ActiveCfg = Debug|Any CPU
		{030ACB04-5A48-4151-B2D5-80786FAE3DA8}.Debug|iPhoneSimulator.Build.0 = Debug|Any CPU
		{030ACB04-5A48-4151-B2D5-80786FAE3DA8}.Debug|iPhoneSimulator.Deploy.0 = Debug|Any CPU
		{030ACB04-5A48-4151-B2D5-80786FAE3DA8}.Debug|x64.ActiveCfg = Debug|Any CPU
		{030ACB04-5A48-4151-B2D5-80786FAE3DA8}.Debug|x64.Build.0 = Debug|Any CPU
		{030ACB04-5A48-4151-B2D5-80786FAE3DA8}.Debug|x64.Deploy.0 = Debug|Any CPU
		{030ACB04-5A48-4151-B2D5-80786FAE3DA8}.Debug|x86.ActiveCfg = Debug|Any CPU
		{030ACB04-5A48-4151-B2D5-80786FAE3DA8}.Debug|x86.Build.0 = Debug|Any CPU
		{030ACB04-5A48-4151-B2D5-80786FAE3DA8}.Debug|x86.Deploy.0 = Debug|Any CPU
		{030ACB04-5A48-4151-B2D5-80786FAE3DA8}.Release|Any CPU.ActiveCfg = Release|Any CPU
		{030ACB04-5A48-4151-B2D5-80786FAE3DA8}.Release|Any CPU.Build.0 = Release|Any CPU
		{030ACB04-5A48-4151-B2D5-80786FAE3DA8}.Release|Any CPU.Deploy.0 = Release|Any CPU
		{030ACB04-5A48-4151-B2D5-80786FAE3DA8}.Release|ARM.ActiveCfg = Release|Any CPU
		{030ACB04-5A48-4151-B2D5-80786FAE3DA8}.Release|ARM.Build.0 = Release|Any CPU
		{030ACB04-5A48-4151-B2D5-80786FAE3DA8}.Release|ARM.Deploy.0 = Release|Any CPU
		{030ACB04-5A48-4151-B2D5-80786FAE3DA8}.Release|iPhone.ActiveCfg = Release|Any CPU
		{030ACB04-5A48-4151-B2D5-80786FAE3DA8}.Release|iPhone.Build.0 = Release|Any CPU
		{030ACB04-5A48-4151-B2D5-80786FAE3DA8}.Release|iPhone.Deploy.0 = Release|Any CPU
		{030ACB04-5A48-4151-B2D5-80786FAE3DA8}.Release|iPhoneSimulator.ActiveCfg = Release|Any CPU
		{030ACB04-5A48-4151-B2D5-80786FAE3DA8}.Release|iPhoneSimulator.Build.0 = Release|Any CPU
		{030ACB04-5A48-4151-B2D5-80786FAE3DA8}.Release|iPhoneSimulator.Deploy.0 = Release|Any CPU
		{030ACB04-5A48-4151-B2D5-80786FAE3DA8}.Release|x64.ActiveCfg = Release|Any CPU
		{030ACB04-5A48-4151-B2D5-80786FAE3DA8}.Release|x64.Build.0 = Release|Any CPU
		{030ACB04-5A48-4151-B2D5-80786FAE3DA8}.Release|x64.Deploy.0 = Release|Any CPU
		{030ACB04-5A48-4151-B2D5-80786FAE3DA8}.Release|x86.ActiveCfg = Release|Any CPU
		{030ACB04-5A48-4151-B2D5-80786FAE3DA8}.Release|x86.Build.0 = Release|Any CPU
		{030ACB04-5A48-4151-B2D5-80786FAE3DA8}.Release|x86.Deploy.0 = Release|Any CPU
		{466B6364-8D99-45E7-B142-3906B0609BC0}.Debug|Any CPU.ActiveCfg = Debug|iPhone
		{466B6364-8D99-45E7-B142-3906B0609BC0}.Debug|Any CPU.Build.0 = Debug|iPhone
		{466B6364-8D99-45E7-B142-3906B0609BC0}.Debug|Any CPU.Deploy.0 = Debug|iPhone
		{466B6364-8D99-45E7-B142-3906B0609BC0}.Debug|ARM.ActiveCfg = Debug|iPhone
		{466B6364-8D99-45E7-B142-3906B0609BC0}.Debug|ARM.Build.0 = Debug|iPhone
		{466B6364-8D99-45E7-B142-3906B0609BC0}.Debug|ARM.Deploy.0 = Debug|iPhone
		{466B6364-8D99-45E7-B142-3906B0609BC0}.Debug|iPhone.ActiveCfg = Debug|iPhone
		{466B6364-8D99-45E7-B142-3906B0609BC0}.Debug|iPhone.Build.0 = Debug|iPhone
		{466B6364-8D99-45E7-B142-3906B0609BC0}.Debug|iPhone.Deploy.0 = Debug|iPhone
		{466B6364-8D99-45E7-B142-3906B0609BC0}.Debug|iPhoneSimulator.ActiveCfg = Debug|iPhoneSimulator
		{466B6364-8D99-45E7-B142-3906B0609BC0}.Debug|iPhoneSimulator.Build.0 = Debug|iPhoneSimulator
		{466B6364-8D99-45E7-B142-3906B0609BC0}.Debug|iPhoneSimulator.Deploy.0 = Debug|iPhoneSimulator
		{466B6364-8D99-45E7-B142-3906B0609BC0}.Debug|x64.ActiveCfg = Debug|iPhone
		{466B6364-8D99-45E7-B142-3906B0609BC0}.Debug|x64.Build.0 = Debug|iPhone
		{466B6364-8D99-45E7-B142-3906B0609BC0}.Debug|x64.Deploy.0 = Debug|iPhone
		{466B6364-8D99-45E7-B142-3906B0609BC0}.Debug|x86.ActiveCfg = Debug|iPhone
		{466B6364-8D99-45E7-B142-3906B0609BC0}.Debug|x86.Build.0 = Debug|iPhone
		{466B6364-8D99-45E7-B142-3906B0609BC0}.Debug|x86.Deploy.0 = Debug|iPhone
		{466B6364-8D99-45E7-B142-3906B0609BC0}.Release|Any CPU.ActiveCfg = Release|iPhone
		{466B6364-8D99-45E7-B142-3906B0609BC0}.Release|Any CPU.Build.0 = Release|iPhone
		{466B6364-8D99-45E7-B142-3906B0609BC0}.Release|Any CPU.Deploy.0 = Release|iPhone
		{466B6364-8D99-45E7-B142-3906B0609BC0}.Release|ARM.ActiveCfg = Release|iPhone
		{466B6364-8D99-45E7-B142-3906B0609BC0}.Release|ARM.Build.0 = Release|iPhone
		{466B6364-8D99-45E7-B142-3906B0609BC0}.Release|ARM.Deploy.0 = Release|iPhone
		{466B6364-8D99-45E7-B142-3906B0609BC0}.Release|iPhone.ActiveCfg = Release|iPhone
		{466B6364-8D99-45E7-B142-3906B0609BC0}.Release|iPhone.Build.0 = Release|iPhone
		{466B6364-8D99-45E7-B142-3906B0609BC0}.Release|iPhone.Deploy.0 = Release|iPhone
		{466B6364-8D99-45E7-B142-3906B0609BC0}.Release|iPhoneSimulator.ActiveCfg = Release|iPhoneSimulator
		{466B6364-8D99-45E7-B142-3906B0609BC0}.Release|iPhoneSimulator.Build.0 = Release|iPhoneSimulator
		{466B6364-8D99-45E7-B142-3906B0609BC0}.Release|iPhoneSimulator.Deploy.0 = Release|iPhoneSimulator
		{466B6364-8D99-45E7-B142-3906B0609BC0}.Release|x64.ActiveCfg = Release|iPhone
		{466B6364-8D99-45E7-B142-3906B0609BC0}.Release|x64.Build.0 = Release|iPhone
		{466B6364-8D99-45E7-B142-3906B0609BC0}.Release|x64.Deploy.0 = Release|iPhone
		{466B6364-8D99-45E7-B142-3906B0609BC0}.Release|x86.ActiveCfg = Release|iPhone
		{466B6364-8D99-45E7-B142-3906B0609BC0}.Release|x86.Build.0 = Release|iPhone
		{466B6364-8D99-45E7-B142-3906B0609BC0}.Release|x86.Deploy.0 = Release|iPhone
		{8030A8E8-775A-467D-AA07-7A3FC374D453}.Debug|Any CPU.ActiveCfg = Debug|Any CPU
		{8030A8E8-775A-467D-AA07-7A3FC374D453}.Debug|Any CPU.Build.0 = Debug|Any CPU
		{8030A8E8-775A-467D-AA07-7A3FC374D453}.Debug|Any CPU.Deploy.0 = Debug|Any CPU
		{8030A8E8-775A-467D-AA07-7A3FC374D453}.Debug|ARM.ActiveCfg = Debug|Any CPU
		{8030A8E8-775A-467D-AA07-7A3FC374D453}.Debug|ARM.Build.0 = Debug|Any CPU
		{8030A8E8-775A-467D-AA07-7A3FC374D453}.Debug|ARM.Deploy.0 = Debug|Any CPU
		{8030A8E8-775A-467D-AA07-7A3FC374D453}.Debug|iPhone.ActiveCfg = Debug|Any CPU
		{8030A8E8-775A-467D-AA07-7A3FC374D453}.Debug|iPhone.Build.0 = Debug|Any CPU
		{8030A8E8-775A-467D-AA07-7A3FC374D453}.Debug|iPhone.Deploy.0 = Debug|Any CPU
		{8030A8E8-775A-467D-AA07-7A3FC374D453}.Debug|iPhoneSimulator.ActiveCfg = Debug|Any CPU
		{8030A8E8-775A-467D-AA07-7A3FC374D453}.Debug|iPhoneSimulator.Build.0 = Debug|Any CPU
		{8030A8E8-775A-467D-AA07-7A3FC374D453}.Debug|iPhoneSimulator.Deploy.0 = Debug|Any CPU
		{8030A8E8-775A-467D-AA07-7A3FC374D453}.Debug|x64.ActiveCfg = Debug|Any CPU
		{8030A8E8-775A-467D-AA07-7A3FC374D453}.Debug|x64.Build.0 = Debug|Any CPU
		{8030A8E8-775A-467D-AA07-7A3FC374D453}.Debug|x64.Deploy.0 = Debug|Any CPU
		{8030A8E8-775A-467D-AA07-7A3FC374D453}.Debug|x86.ActiveCfg = Debug|Any CPU
		{8030A8E8-775A-467D-AA07-7A3FC374D453}.Debug|x86.Build.0 = Debug|Any CPU
		{8030A8E8-775A-467D-AA07-7A3FC374D453}.Debug|x86.Deploy.0 = Debug|Any CPU
		{8030A8E8-775A-467D-AA07-7A3FC374D453}.Release|Any CPU.ActiveCfg = Release|Any CPU
		{8030A8E8-775A-467D-AA07-7A3FC374D453}.Release|Any CPU.Build.0 = Release|Any CPU
		{8030A8E8-775A-467D-AA07-7A3FC374D453}.Release|Any CPU.Deploy.0 = Release|Any CPU
		{8030A8E8-775A-467D-AA07-7A3FC374D453}.Release|ARM.ActiveCfg = Release|Any CPU
		{8030A8E8-775A-467D-AA07-7A3FC374D453}.Release|ARM.Build.0 = Release|Any CPU
		{8030A8E8-775A-467D-AA07-7A3FC374D453}.Release|ARM.Deploy.0 = Release|Any CPU
		{8030A8E8-775A-467D-AA07-7A3FC374D453}.Release|iPhone.ActiveCfg = Release|Any CPU
		{8030A8E8-775A-467D-AA07-7A3FC374D453}.Release|iPhone.Build.0 = Release|Any CPU
		{8030A8E8-775A-467D-AA07-7A3FC374D453}.Release|iPhone.Deploy.0 = Release|Any CPU
		{8030A8E8-775A-467D-AA07-7A3FC374D453}.Release|iPhoneSimulator.ActiveCfg = Release|Any CPU
		{8030A8E8-775A-467D-AA07-7A3FC374D453}.Release|iPhoneSimulator.Build.0 = Release|Any CPU
		{8030A8E8-775A-467D-AA07-7A3FC374D453}.Release|iPhoneSimulator.Deploy.0 = Release|Any CPU
		{8030A8E8-775A-467D-AA07-7A3FC374D453}.Release|x64.ActiveCfg = Release|Any CPU
		{8030A8E8-775A-467D-AA07-7A3FC374D453}.Release|x64.Build.0 = Release|Any CPU
		{8030A8E8-775A-467D-AA07-7A3FC374D453}.Release|x64.Deploy.0 = Release|Any CPU
		{8030A8E8-775A-467D-AA07-7A3FC374D453}.Release|x86.ActiveCfg = Release|Any CPU
		{8030A8E8-775A-467D-AA07-7A3FC374D453}.Release|x86.Build.0 = Release|Any CPU
		{8030A8E8-775A-467D-AA07-7A3FC374D453}.Release|x86.Deploy.0 = Release|Any CPU
	EndGlobalSection
	GlobalSection(SolutionProperties) = preSolution
		HideSolutionNode = FALSE
	EndGlobalSection
	GlobalSection(ExtensibilityGlobals) = postSolution
		SolutionGuid = {FB910235-2A12-4F52-990B-6A4A1A647520}
	EndGlobalSection
EndGlobal
